
Microsoft Visual Studio Solution File, Format Version 12.00
# Visual Studio Version 16
VisualStudioVersion = 16.0.31424.327
MinimumVisualStudioVersion = 10.0.40219.1
Project("{FAE04EC0-301F-11D3-BF4B-00C04F79EFBC}") = "C-Sharp-Udemy-Exercise", "C-Sharp-Udemy-Exercise\C-Sharp-Udemy-Exercise.csproj", "{D7A4C00E-CF73-444C-9057-CEF6B579B37F}"
EndProject
Global
	GlobalSection(SolutionConfigurationPlatforms) = preSolution
		Debug|Any CPU = Debug|Any CPU
		Release|Any CPU = Release|Any CPU
	EndGlobalSection
	GlobalSection(ProjectConfigurationPlatforms) = postSolution
		{D7A4C00E-CF73-444C-9057-CEF6B579B37F}.Debug|Any CPU.ActiveCfg = Debug|Any CPU
		{D7A4C00E-CF73-444C-9057-CEF6B579B37F}.Debug|Any CPU.Build.0 = Debug|Any CPU
		{D7A4C00E-CF73-444C-9057-CEF6B579B37F}.Release|Any CPU.ActiveCfg = Release|Any CPU
		{D7A4C00E-CF73-444C-9057-CEF6B579B37F}.Release|Any CPU.Build.0 = Release|Any CPU
	EndGlobalSection
	GlobalSection(SolutionProperties) = preSolution
		HideSolutionNode = FALSE
	EndGlobalSection
	GlobalSection(ExtensibilityGlobals) = postSolution
		SolutionGuid = {200B812D-4953-46AD-A4F7-1AEED0E35890}
	EndGlobalSection
EndGlobal
